
Microsoft Visual Studio Solution File, Format Version 12.00
# Visual Studio 15
VisualStudioVersion = 15.0.27428.2015
MinimumVisualStudioVersion = 10.0.40219.1
Project("{FAE04EC0-301F-11D3-BF4B-00C04F79EFBC}") = "Small-Shop", "Small-Shop\Small-Shop.csproj", "{242D81FB-3B1F-4A87-953E-32EAF4352A9F}"
EndProject
Project("{FAE04EC0-301F-11D3-BF4B-00C04F79EFBC}") = "PointInRectangle", "PointInRectangle\PointInRectangle.csproj", "{C4764497-8600-4656-AC15-831377A97AC9}"
EndProject
Project("{FAE04EC0-301F-11D3-BF4B-00C04F79EFBC}") = "FruitOrVegetable", "FruitOrVegetable\FruitOrVegetable.csproj", "{4A781AAD-C4C9-4B24-AD18-89DD23F2EFB4}"
EndProject
Project("{FAE04EC0-301F-11D3-BF4B-00C04F79EFBC}") = "InvalidNumber", "InvalidNumber\InvalidNumber.csproj", "{0B27CDFA-4E9E-41D0-BA90-E48552A5A5A4}"
EndProject
Project("{FAE04EC0-301F-11D3-BF4B-00C04F79EFBC}") = "PointOnRectangle", "PointOnRectangle\PointOnRectangle.csproj", "{A69688E9-A3CC-4306-A93F-0313A9E6D722}"
EndProject
Project("{FAE04EC0-301F-11D3-BF4B-00C04F79EFBC}") = "FruitShop", "FruitShop\FruitShop.csproj", "{A2F3FCB9-59CF-4F59-A423-F2AAE57189E2}"
EndProject
Project("{FAE04EC0-301F-11D3-BF4B-00C04F79EFBC}") = "TradeCommisions", "TradeCommisions\TradeCommisions.csproj", "{F5DF22AB-FD3E-4891-AD01-2F7AA8EEB0B9}"
EndProject
Global
	GlobalSection(SolutionConfigurationPlatforms) = preSolution
		Debug|Any CPU = Debug|Any CPU
		Release|Any CPU = Release|Any CPU
	EndGlobalSection
	GlobalSection(ProjectConfigurationPlatforms) = postSolution
		{242D81FB-3B1F-4A87-953E-32EAF4352A9F}.Debug|Any CPU.ActiveCfg = Debug|Any CPU
		{242D81FB-3B1F-4A87-953E-32EAF4352A9F}.Debug|Any CPU.Build.0 = Debug|Any CPU
		{242D81FB-3B1F-4A87-953E-32EAF4352A9F}.Release|Any CPU.ActiveCfg = Release|Any CPU
		{242D81FB-3B1F-4A87-953E-32EAF4352A9F}.Release|Any CPU.Build.0 = Release|Any CPU
		{C4764497-8600-4656-AC15-831377A97AC9}.Debug|Any CPU.ActiveCfg = Debug|Any CPU
		{C4764497-8600-4656-AC15-831377A97AC9}.Debug|Any CPU.Build.0 = Debug|Any CPU
		{C4764497-8600-4656-AC15-831377A97AC9}.Release|Any CPU.ActiveCfg = Release|Any CPU
		{C4764497-8600-4656-AC15-831377A97AC9}.Release|Any CPU.Build.0 = Release|Any CPU
		{4A781AAD-C4C9-4B24-AD18-89DD23F2EFB4}.Debug|Any CPU.ActiveCfg = Debug|Any CPU
		{4A781AAD-C4C9-4B24-AD18-89DD23F2EFB4}.Debug|Any CPU.Build.0 = Debug|Any CPU
		{4A781AAD-C4C9-4B24-AD18-89DD23F2EFB4}.Release|Any CPU.ActiveCfg = Release|Any CPU
		{4A781AAD-C4C9-4B24-AD18-89DD23F2EFB4}.Release|Any CPU.Build.0 = Release|Any CPU
		{0B27CDFA-4E9E-41D0-BA90-E48552A5A5A4}.Debug|Any CPU.ActiveCfg = Debug|Any CPU
		{0B27CDFA-4E9E-41D0-BA90-E48552A5A5A4}.Debug|Any CPU.Build.0 = Debug|Any CPU
		{0B27CDFA-4E9E-41D0-BA90-E48552A5A5A4}.Release|Any CPU.ActiveCfg = Release|Any CPU
		{0B27CDFA-4E9E-41D0-BA90-E48552A5A5A4}.Release|Any CPU.Build.0 = Release|Any CPU
		{A69688E9-A3CC-4306-A93F-0313A9E6D722}.Debug|Any CPU.ActiveCfg = Debug|Any CPU
		{A69688E9-A3CC-4306-A93F-0313A9E6D722}.Debug|Any CPU.Build.0 = Debug|Any CPU
		{A69688E9-A3CC-4306-A93F-0313A9E6D722}.Release|Any CPU.ActiveCfg = Release|Any CPU
		{A69688E9-A3CC-4306-A93F-0313A9E6D722}.Release|Any CPU.Build.0 = Release|Any CPU
		{A2F3FCB9-59CF-4F59-A423-F2AAE57189E2}.Debug|Any CPU.ActiveCfg = Debug|Any CPU
		{A2F3FCB9-59CF-4F59-A423-F2AAE57189E2}.Debug|Any CPU.Build.0 = Debug|Any CPU
		{A2F3FCB9-59CF-4F59-A423-F2AAE57189E2}.Release|Any CPU.ActiveCfg = Release|Any CPU
		{A2F3FCB9-59CF-4F59-A423-F2AAE57189E2}.Release|Any CPU.Build.0 = Release|Any CPU
		{F5DF22AB-FD3E-4891-AD01-2F7AA8EEB0B9}.Debug|Any CPU.ActiveCfg = Debug|Any CPU
		{F5DF22AB-FD3E-4891-AD01-2F7AA8EEB0B9}.Debug|Any CPU.Build.0 = Debug|Any CPU
		{F5DF22AB-FD3E-4891-AD01-2F7AA8EEB0B9}.Release|Any CPU.ActiveCfg = Release|Any CPU
		{F5DF22AB-FD3E-4891-AD01-2F7AA8EEB0B9}.Release|Any CPU.Build.0 = Release|Any CPU
	EndGlobalSection
	GlobalSection(SolutionProperties) = preSolution
		HideSolutionNode = FALSE
	EndGlobalSection
	GlobalSection(ExtensibilityGlobals) = postSolution
		SolutionGuid = {F8DF9AAF-5EAD-4680-9D26-42BA8FDDBE0A}
	EndGlobalSection
EndGlobal
